
Microsoft Visual Studio Solution File, Format Version 12.00
# Visual Studio Version 17
VisualStudioVersion = 17.7.34018.315
MinimumVisualStudioVersion = 10.0.40219.1
Project("{FAE04EC0-301F-11D3-BF4B-00C04F79EFBC}") = "Polymorphism", "Polymorphism.csproj", "{18359773-23E8-4E0F-A2D6-26B9FACAFA29}"
EndProject
Global
	GlobalSection(SolutionConfigurationPlatforms) = preSolution
		Debug|Any CPU = Debug|Any CPU
		Release|Any CPU = Release|Any CPU
	EndGlobalSection
	GlobalSection(ProjectConfigurationPlatforms) = postSolution
		{18359773-23E8-4E0F-A2D6-26B9FACAFA29}.Debug|Any CPU.ActiveCfg = Debug|Any CPU
		{18359773-23E8-4E0F-A2D6-26B9FACAFA29}.Debug|Any CPU.Build.0 = Debug|Any CPU
		{18359773-23E8-4E0F-A2D6-26B9FACAFA29}.Release|Any CPU.ActiveCfg = Release|Any CPU
		{18359773-23E8-4E0F-A2D6-26B9FACAFA29}.Release|Any CPU.Build.0 = Release|Any CPU
	EndGlobalSection
	GlobalSection(SolutionProperties) = preSolution
		HideSolutionNode = FALSE
	EndGlobalSection
	GlobalSection(ExtensibilityGlobals) = postSolution
		SolutionGuid = {2C05A77B-5E82-484C-83CF-31198E9B5DEF}
	EndGlobalSection
EndGlobal
